
Microsoft Visual Studio Solution File, Format Version 12.00
# Visual Studio Version 17
VisualStudioVersion = 17.4.33213.308
MinimumVisualStudioVersion = 10.0.40219.1
Project("{9A19103F-16F7-4668-BE54-9A1E7A4F7556}") = "TravelGuruServer", "TravelGuruServer\TravelGuruServer.csproj", "{246A001D-596D-489E-87BE-F5FF5EF1E5E8}"
EndProject
Project("{FAE04EC0-301F-11D3-BF4B-00C04F79EFBC}") = "TestProject", "TestProject\TestProject.csproj", "{14244ECE-D982-43C1-908C-239FDB0CB59A}"
EndProject
Global
	GlobalSection(SolutionConfigurationPlatforms) = preSolution
		Debug|Any CPU = Debug|Any CPU
		Release|Any CPU = Release|Any CPU
	EndGlobalSection
	GlobalSection(ProjectConfigurationPlatforms) = postSolution
		{246A001D-596D-489E-87BE-F5FF5EF1E5E8}.Debug|Any CPU.ActiveCfg = Debug|Any CPU
		{246A001D-596D-489E-87BE-F5FF5EF1E5E8}.Debug|Any CPU.Build.0 = Debug|Any CPU
		{246A001D-596D-489E-87BE-F5FF5EF1E5E8}.Release|Any CPU.ActiveCfg = Release|Any CPU
		{246A001D-596D-489E-87BE-F5FF5EF1E5E8}.Release|Any CPU.Build.0 = Release|Any CPU
		{14244ECE-D982-43C1-908C-239FDB0CB59A}.Debug|Any CPU.ActiveCfg = Debug|Any CPU
		{14244ECE-D982-43C1-908C-239FDB0CB59A}.Debug|Any CPU.Build.0 = Debug|Any CPU
		{14244ECE-D982-43C1-908C-239FDB0CB59A}.Release|Any CPU.ActiveCfg = Release|Any CPU
		{14244ECE-D982-43C1-908C-239FDB0CB59A}.Release|Any CPU.Build.0 = Release|Any CPU
	EndGlobalSection
	GlobalSection(SolutionProperties) = preSolution
		HideSolutionNode = FALSE
	EndGlobalSection
	GlobalSection(ExtensibilityGlobals) = postSolution
		SolutionGuid = {A7492A0B-5615-4C00-82B6-8B1EE43F90CA}
	EndGlobalSection
EndGlobal
